dependencies:
  idf:
    source:
      type: idf
    version: 6.1.0
  joltwallet/littlefs:
    component_hash: 29eff7921c4e8bce021aeb7fff2723bfcafed661756de700646ea0f6223c2a32
    dependencies:
    - name: idf
      require: private
      version: '>=5.0'
    source:
      registry_url: https://components.espressif.com/
      type: service
    version: 1.21.1
direct_dependencies:
- idf
- joltwallet/littlefs
manifest_hash: 52bafb119f6c7ecc551cf55de7b82ac5d564cd4687ee68c9de68172d49d753e3
target: esp32s3
version: 3.0.0
